
Microsoft Visual Studio Solution File, Format Version 12.00
# Visual Studio 15
VisualStudioVersion = 15.0.28307.421
MinimumVisualStudioVersion = 10.0.40219.1
Project("{9A19103F-16F7-4668-BE54-9A1E7A4F7556}") = "MusicWebSite", "MusicWebSite\MusicWebSite.csproj", "{CF3E08E5-4749-4F5D-8814-FB7B5A04EE57}"
EndProject
Project("{9A19103F-16F7-4668-BE54-9A1E7A4F7556}") = "MusicData", "MusicData\MusicData.csproj", "{D3F221EE-F3AF-4B11-B054-A05739C3F89C}"
EndProject
Project("{9A19103F-16F7-4668-BE54-9A1E7A4F7556}") = "MusicCore", "MusicCore\MusicCore.csproj", "{5A0FD8AB-85F2-48A5-8F28-0E1936002407}"
EndProject
Project("{FAE04EC0-301F-11D3-BF4B-00C04F79EFBC}") = "MusicCoreTests", "MusicCoreTests\MusicCoreTests.csproj", "{81BA5270-3D56-4C20-B2B1-F9F5F42174C7}"
EndProject
Global
	GlobalSection(SolutionConfigurationPlatforms) = preSolution
		Debug|Any CPU = Debug|Any CPU
		Release|Any CPU = Release|Any CPU
	EndGlobalSection
	GlobalSection(ProjectConfigurationPlatforms) = postSolution
		{CF3E08E5-4749-4F5D-8814-FB7B5A04EE57}.Debug|Any CPU.ActiveCfg = Debug|Any CPU
		{CF3E08E5-4749-4F5D-8814-FB7B5A04EE57}.Debug|Any CPU.Build.0 = Debug|Any CPU
		{CF3E08E5-4749-4F5D-8814-FB7B5A04EE57}.Release|Any CPU.ActiveCfg = Release|Any CPU
		{CF3E08E5-4749-4F5D-8814-FB7B5A04EE57}.Release|Any CPU.Build.0 = Release|Any CPU
		{D3F221EE-F3AF-4B11-B054-A05739C3F89C}.Debug|Any CPU.ActiveCfg = Debug|Any CPU
		{D3F221EE-F3AF-4B11-B054-A05739C3F89C}.Debug|Any CPU.Build.0 = Debug|Any CPU
		{D3F221EE-F3AF-4B11-B054-A05739C3F89C}.Release|Any CPU.ActiveCfg = Release|Any CPU
		{D3F221EE-F3AF-4B11-B054-A05739C3F89C}.Release|Any CPU.Build.0 = Release|Any CPU
		{5A0FD8AB-85F2-48A5-8F28-0E1936002407}.Debug|Any CPU.ActiveCfg = Debug|Any CPU
		{5A0FD8AB-85F2-48A5-8F28-0E1936002407}.Debug|Any CPU.Build.0 = Debug|Any CPU
		{5A0FD8AB-85F2-48A5-8F28-0E1936002407}.Release|Any CPU.ActiveCfg = Release|Any CPU
		{5A0FD8AB-85F2-48A5-8F28-0E1936002407}.Release|Any CPU.Build.0 = Release|Any CPU
		{81BA5270-3D56-4C20-B2B1-F9F5F42174C7}.Debug|Any CPU.ActiveCfg = Debug|Any CPU
		{81BA5270-3D56-4C20-B2B1-F9F5F42174C7}.Debug|Any CPU.Build.0 = Debug|Any CPU
		{81BA5270-3D56-4C20-B2B1-F9F5F42174C7}.Release|Any CPU.ActiveCfg = Release|Any CPU
		{81BA5270-3D56-4C20-B2B1-F9F5F42174C7}.Release|Any CPU.Build.0 = Release|Any CPU
	EndGlobalSection
	GlobalSection(SolutionProperties) = preSolution
		HideSolutionNode = FALSE
	EndGlobalSection
	GlobalSection(ExtensibilityGlobals) = postSolution
		SolutionGuid = {C648DBF7-7BAC-4CB6-B4A5-29083E9CA236}
	EndGlobalSection
EndGlobal
